
Microsoft Visual Studio Solution File, Format Version 12.00
# Visual Studio 15
VisualStudioVersion = 15.0.27703.2042
MinimumVisualStudioVersion = 10.0.40219.1
Project("{2150E333-8FDC-42A3-9474-1A3956D46DE8}") = "Main Game", "Main Game", "{F2EBDBF2-9BB9-4591-8AD6-B1BCF486F53E}"
	ProjectSection(SolutionItems) = preProject
		Game.js = Game.js
		index.html = index.html
	EndProjectSection
EndProject
Project("{2150E333-8FDC-42A3-9474-1A3956D46DE8}") = "Helper Classes", "Helper Classes", "{952017BC-B4C6-4DF0-8808-EEFEEE351F10}"
	ProjectSection(SolutionItems) = preProject
		ArrayFunctions.js = ArrayFunctions.js
		Counter.js = Counter.js
		Vector.js = Vector.js
	EndProjectSection
EndProject
Project("{2150E333-8FDC-42A3-9474-1A3956D46DE8}") = "Base Classes", "Base Classes", "{BEEE9FD1-9A75-4459-9A26-38213EC45FBB}"
	ProjectSection(SolutionItems) = preProject
		BaseAction.js = BaseAction.js
		BaseActionUI.js = BaseActionUI.js
		BaseContext.js = BaseContext.js
		BaseHealthBar.js = BaseHealthBar.js
		BaseQueueBar.js = BaseQueueBar.js
		BaseScene.js = BaseScene.js
		BaseTile.js = BaseTile.js
		BaseUnit.js = BaseUnit.js
	EndProjectSection
EndProject
Project("{2150E333-8FDC-42A3-9474-1A3956D46DE8}") = "Tiles", "Tiles", "{283D78C5-562D-44DF-BAE4-8C4FBC385B10}"
	ProjectSection(SolutionItems) = preProject
		ReferenceTile.js = ReferenceTile.js
		WaterTile.js = WaterTile.js
	EndProjectSection
EndProject
Project("{2150E333-8FDC-42A3-9474-1A3956D46DE8}") = "Touch Contexts", "Touch Contexts", "{4260BD90-820D-4220-8E33-82D7465562C1}"
	ProjectSection(SolutionItems) = preProject
		ContextAdvancing.js = ContextAdvancing.js
		ContextNone.js = ContextNone.js
		ContextSelectTiles.js = ContextSelectTiles.js
	EndProjectSection
EndProject
Project("{2150E333-8FDC-42A3-9474-1A3956D46DE8}") = "Units", "Units", "{05A39E81-9D85-4527-A6F1-21E707C00A81}"
	ProjectSection(SolutionItems) = preProject
		UnitArcher.js = UnitArcher.js
		UnitKnight.js = UnitKnight.js
		UnitSkeleton.js = UnitSkeleton.js
	EndProjectSection
EndProject
Project("{2150E333-8FDC-42A3-9474-1A3956D46DE8}") = "Managers", "Managers", "{002EB9EC-1B3C-4472-8373-516D8128ADFA}"
	ProjectSection(SolutionItems) = preProject
		AnimationManager.js = AnimationManager.js
		DepthManager.js = DepthManager.js
		LevelMaker.js = LevelMaker.js
		Playfield.js = Playfield.js
		TouchManager.js = TouchManager.js
		UIManager.js = UIManager.js
	EndProjectSection
EndProject
Project("{2150E333-8FDC-42A3-9474-1A3956D46DE8}") = "Actions", "Actions", "{85B2E303-D06A-4098-8905-BDD5F9CE149F}"
	ProjectSection(SolutionItems) = preProject
		DashAction.js = DashAction.js
		MoveAction.js = MoveAction.js
		ShootArrowAction.js = ShootArrowAction.js
		StabAction.js = StabAction.js
		SwingSwordAction.js = SwingSwordAction.js
	EndProjectSection
EndProject
Project("{2150E333-8FDC-42A3-9474-1A3956D46DE8}") = "Bars", "Bars", "{9CB94485-519F-4E05-A80A-A7C0209594B9}"
	ProjectSection(SolutionItems) = preProject
		BarStamina.js = BarStamina.js
	EndProjectSection
EndProject
Global
	GlobalSection(SolutionProperties) = preSolution
		HideSolutionNode = FALSE
	EndGlobalSection
	GlobalSection(ExtensibilityGlobals) = postSolution
		SolutionGuid = {5E2580FE-9523-46AF-A071-4423D33904E2}
	EndGlobalSection
EndGlobal
